{
  "requires": true,
  "lockfileVersion": 1,
  "dependencies": {
    "hookrouter": {
      "version": "1.2.3",
      "resolved": "https://registry.npmjs.org/hookrouter/-/hookrouter-1.2.3.tgz",
      "integrity": "sha512-n0mqEBGgXIxYRNMHlwCzoyTOk0OB5Es3jwUyA3+2l5nte/52n0CMMj1bmoCabC8K43YTUEr0zzexTBfo//tq2Q=="
    }
  }
}
